
Microsoft Visual Studio Solution File, Format Version 12.00
# Visual Studio Version 16
VisualStudioVersion = 16.0.30517.126
MinimumVisualStudioVersion = 10.0.40219.1
Project("{FAE04EC0-301F-11D3-BF4B-00C04F79EFBC}") = "Shop.Android", "Shop\Shop.Android\Shop.Android.csproj", "{ED379920-2BBF-4F27-B1AA-923C9D1C9FB7}"
EndProject
Project("{FAE04EC0-301F-11D3-BF4B-00C04F79EFBC}") = "Shop.iOS", "Shop\Shop.iOS\Shop.iOS.csproj", "{DEFFBF89-E76C-450A-94F5-A7FFC1E101D5}"
EndProject
Project("{9A19103F-16F7-4668-BE54-9A1E7A4F7556}") = "Shop", "Shop\Shop\Shop.csproj", "{4051600A-6CF4-4584-8EEE-A3CCA7F5FE1C}"
EndProject
Global
	GlobalSection(SolutionConfigurationPlatforms) = preSolution
		Debug|Any CPU = Debug|Any CPU
		Debug|iPhone = Debug|iPhone
		Debug|iPhoneSimulator = Debug|iPhoneSimulator
		Release|Any CPU = Release|Any CPU
		Release|iPhone = Release|iPhone
		Release|iPhoneSimulator = Release|iPhoneSimulator
	EndGlobalSection
	GlobalSection(ProjectConfigurationPlatforms) = postSolution
		{ED379920-2BBF-4F27-B1AA-923C9D1C9FB7}.Debug|Any CPU.ActiveCfg = Debug|Any CPU
		{ED379920-2BBF-4F27-B1AA-923C9D1C9FB7}.Debug|Any CPU.Build.0 = Debug|Any CPU
		{ED379920-2BBF-4F27-B1AA-923C9D1C9FB7}.Debug|Any CPU.Deploy.0 = Debug|Any CPU
		{ED379920-2BBF-4F27-B1AA-923C9D1C9FB7}.Debug|iPhone.ActiveCfg = Debug|Any CPU
		{ED379920-2BBF-4F27-B1AA-923C9D1C9FB7}.Debug|iPhone.Build.0 = Debug|Any CPU
		{ED379920-2BBF-4F27-B1AA-923C9D1C9FB7}.Debug|iPhone.Deploy.0 = Debug|Any CPU
		{ED379920-2BBF-4F27-B1AA-923C9D1C9FB7}.Debug|iPhoneSimulator.ActiveCfg = Debug|Any CPU
		{ED379920-2BBF-4F27-B1AA-923C9D1C9FB7}.Debug|iPhoneSimulator.Build.0 = Debug|Any CPU
		{ED379920-2BBF-4F27-B1AA-923C9D1C9FB7}.Debug|iPhoneSimulator.Deploy.0 = Debug|Any CPU
		{ED379920-2BBF-4F27-B1AA-923C9D1C9FB7}.Release|Any CPU.ActiveCfg = Release|Any CPU
		{ED379920-2BBF-4F27-B1AA-923C9D1C9FB7}.Release|Any CPU.Build.0 = Release|Any CPU
		{ED379920-2BBF-4F27-B1AA-923C9D1C9FB7}.Release|Any CPU.Deploy.0 = Release|Any CPU
		{ED379920-2BBF-4F27-B1AA-923C9D1C9FB7}.Release|iPhone.ActiveCfg = Release|Any CPU
		{ED379920-2BBF-4F27-B1AA-923C9D1C9FB7}.Release|iPhone.Build.0 = Release|Any CPU
		{ED379920-2BBF-4F27-B1AA-923C9D1C9FB7}.Release|iPhone.Deploy.0 = Release|Any CPU
		{ED379920-2BBF-4F27-B1AA-923C9D1C9FB7}.Release|iPhoneSimulator.ActiveCfg = Release|Any CPU
		{ED379920-2BBF-4F27-B1AA-923C9D1C9FB7}.Release|iPhoneSimulator.Build.0 = Release|Any CPU
		{ED379920-2BBF-4F27-B1AA-923C9D1C9FB7}.Release|iPhoneSimulator.Deploy.0 = Release|Any CPU
		{DEFFBF89-E76C-450A-94F5-A7FFC1E101D5}.Debug|Any CPU.ActiveCfg = Debug|iPhone
		{DEFFBF89-E76C-450A-94F5-A7FFC1E101D5}.Debug|Any CPU.Deploy.0 = Debug|iPhone
		{DEFFBF89-E76C-450A-94F5-A7FFC1E101D5}.Debug|iPhone.ActiveCfg = Debug|iPhone
		{DEFFBF89-E76C-450A-94F5-A7FFC1E101D5}.Debug|iPhone.Build.0 = Debug|iPhone
		{DEFFBF89-E76C-450A-94F5-A7FFC1E101D5}.Debug|iPhone.Deploy.0 = Debug|iPhone
		{DEFFBF89-E76C-450A-94F5-A7FFC1E101D5}.Debug|iPhoneSimulator.ActiveCfg = Debug|iPhoneSimulator
		{DEFFBF89-E76C-450A-94F5-A7FFC1E101D5}.Debug|iPhoneSimulator.Build.0 = Debug|iPhoneSimulator
		{DEFFBF89-E76C-450A-94F5-A7FFC1E101D5}.Debug|iPhoneSimulator.Deploy.0 = Debug|iPhoneSimulator
		{DEFFBF89-E76C-450A-94F5-A7FFC1E101D5}.Release|Any CPU.ActiveCfg = Release|iPhoneSimulator
		{DEFFBF89-E76C-450A-94F5-A7FFC1E101D5}.Release|Any CPU.Build.0 = Release|iPhoneSimulator
		{DEFFBF89-E76C-450A-94F5-A7FFC1E101D5}.Release|Any CPU.Deploy.0 = Release|iPhoneSimulator
		{DEFFBF89-E76C-450A-94F5-A7FFC1E101D5}.Release|iPhone.ActiveCfg = Release|iPhone
		{DEFFBF89-E76C-450A-94F5-A7FFC1E101D5}.Release|iPhone.Build.0 = Release|iPhone
		{DEFFBF89-E76C-450A-94F5-A7FFC1E101D5}.Release|iPhone.Deploy.0 = Release|iPhone
		{DEFFBF89-E76C-450A-94F5-A7FFC1E101D5}.Release|iPhoneSimulator.ActiveCfg = Release|iPhoneSimulator
		{DEFFBF89-E76C-450A-94F5-A7FFC1E101D5}.Release|iPhoneSimulator.Build.0 = Release|iPhoneSimulator
		{DEFFBF89-E76C-450A-94F5-A7FFC1E101D5}.Release|iPhoneSimulator.Deploy.0 = Release|iPhoneSimulator
		{4051600A-6CF4-4584-8EEE-A3CCA7F5FE1C}.Debug|Any CPU.ActiveCfg = Debug|Any CPU
		{4051600A-6CF4-4584-8EEE-A3CCA7F5FE1C}.Debug|Any CPU.Build.0 = Debug|Any CPU
		{4051600A-6CF4-4584-8EEE-A3CCA7F5FE1C}.Debug|Any CPU.Deploy.0 = Debug|Any CPU
		{4051600A-6CF4-4584-8EEE-A3CCA7F5FE1C}.Debug|iPhone.ActiveCfg = Debug|Any CPU
		{4051600A-6CF4-4584-8EEE-A3CCA7F5FE1C}.Debug|iPhone.Build.0 = Debug|Any CPU
		{4051600A-6CF4-4584-8EEE-A3CCA7F5FE1C}.Debug|iPhone.Deploy.0 = Debug|Any CPU
		{4051600A-6CF4-4584-8EEE-A3CCA7F5FE1C}.Debug|iPhoneSimulator.ActiveCfg = Debug|Any CPU
		{4051600A-6CF4-4584-8EEE-A3CCA7F5FE1C}.Debug|iPhoneSimulator.Build.0 = Debug|Any CPU
		{4051600A-6CF4-4584-8EEE-A3CCA7F5FE1C}.Debug|iPhoneSimulator.Deploy.0 = Debug|Any CPU
		{4051600A-6CF4-4584-8EEE-A3CCA7F5FE1C}.Release|Any CPU.ActiveCfg = Release|Any CPU
		{4051600A-6CF4-4584-8EEE-A3CCA7F5FE1C}.Release|Any CPU.Build.0 = Release|Any CPU
		{4051600A-6CF4-4584-8EEE-A3CCA7F5FE1C}.Release|Any CPU.Deploy.0 = Release|Any CPU
		{4051600A-6CF4-4584-8EEE-A3CCA7F5FE1C}.Release|iPhone.ActiveCfg = Release|Any CPU
		{4051600A-6CF4-4584-8EEE-A3CCA7F5FE1C}.Release|iPhone.Build.0 = Release|Any CPU
		{4051600A-6CF4-4584-8EEE-A3CCA7F5FE1C}.Release|iPhone.Deploy.0 = Release|Any CPU
		{4051600A-6CF4-4584-8EEE-A3CCA7F5FE1C}.Release|iPhoneSimulator.ActiveCfg = Release|Any CPU
		{4051600A-6CF4-4584-8EEE-A3CCA7F5FE1C}.Release|iPhoneSimulator.Build.0 = Release|Any CPU
		{4051600A-6CF4-4584-8EEE-A3CCA7F5FE1C}.Release|iPhoneSimulator.Deploy.0 = Release|Any CPU
	EndGlobalSection
	GlobalSection(SolutionProperties) = preSolution
		HideSolutionNode = FALSE
	EndGlobalSection
	GlobalSection(ExtensibilityGlobals) = postSolution
		SolutionGuid = {06938B90-DA9E-4174-853C-EBBACA0A6D6E}
	EndGlobalSection
EndGlobal
